
Microsoft Visual Studio Solution File, Format Version 12.00
# Visual Studio 15
VisualStudioVersion = 15.0.27703.2000
MinimumVisualStudioVersion = 10.0.40219.1
Project("{9A19103F-16F7-4668-BE54-9A1E7A4F7556}") = "EmployeeDirectoryProcessor.Data", "EmployeeDirectoryProcessor.Data\EmployeeDirectoryProcessor.Data.csproj", "{4CB28F90-B856-4FD3-9539-20CE5F186FC0}"
EndProject
Project("{9A19103F-16F7-4668-BE54-9A1E7A4F7556}") = "EmployeeDirectoryProcessor.Model", "EmployeeDirectoryProcessor.Model\EmployeeDirectoryProcessor.Model.csproj", "{B354C8B5-3AD1-4961-B7D9-972E151EAE0C}"
EndProject
Project("{E53339B2-1760-4266-BCC7-CA923CBCF16C}") = "docker-compose", "docker-compose.dcproj", "{DE82DD50-8AEC-4D15-9124-7520EA0D5DF9}"
EndProject
Project("{9A19103F-16F7-4668-BE54-9A1E7A4F7556}") = "EmployeeDirectory.Api", "..\EmployeeDirectoryService\EmployeeDirectory.Api.csproj", "{D242A127-10E6-42C0-BDB6-5FFE13827A23}"
EndProject
Project("{FAE04EC0-301F-11D3-BF4B-00C04F79EFBC}") = "EmployeeDirectory.Web", "..\EmployeeDirectory.Web\EmployeeDirectory.Web.csproj", "{AB04633A-E0AA-4191-AFE4-B872504A1907}"
EndProject
Global
	GlobalSection(SolutionConfigurationPlatforms) = preSolution
		Debug|Any CPU = Debug|Any CPU
		Release|Any CPU = Release|Any CPU
	EndGlobalSection
	GlobalSection(ProjectConfigurationPlatforms) = postSolution
		{4CB28F90-B856-4FD3-9539-20CE5F186FC0}.Debug|Any CPU.ActiveCfg = Debug|Any CPU
		{4CB28F90-B856-4FD3-9539-20CE5F186FC0}.Debug|Any CPU.Build.0 = Debug|Any CPU
		{4CB28F90-B856-4FD3-9539-20CE5F186FC0}.Release|Any CPU.ActiveCfg = Release|Any CPU
		{4CB28F90-B856-4FD3-9539-20CE5F186FC0}.Release|Any CPU.Build.0 = Release|Any CPU
		{B354C8B5-3AD1-4961-B7D9-972E151EAE0C}.Debug|Any CPU.ActiveCfg = Debug|Any CPU
		{B354C8B5-3AD1-4961-B7D9-972E151EAE0C}.Debug|Any CPU.Build.0 = Debug|Any CPU
		{B354C8B5-3AD1-4961-B7D9-972E151EAE0C}.Release|Any CPU.ActiveCfg = Release|Any CPU
		{B354C8B5-3AD1-4961-B7D9-972E151EAE0C}.Release|Any CPU.Build.0 = Release|Any CPU
		{DE82DD50-8AEC-4D15-9124-7520EA0D5DF9}.Debug|Any CPU.ActiveCfg = Debug|Any CPU
		{DE82DD50-8AEC-4D15-9124-7520EA0D5DF9}.Debug|Any CPU.Build.0 = Debug|Any CPU
		{DE82DD50-8AEC-4D15-9124-7520EA0D5DF9}.Release|Any CPU.ActiveCfg = Release|Any CPU
		{DE82DD50-8AEC-4D15-9124-7520EA0D5DF9}.Release|Any CPU.Build.0 = Release|Any CPU
		{D242A127-10E6-42C0-BDB6-5FFE13827A23}.Debug|Any CPU.ActiveCfg = Debug|Any CPU
		{D242A127-10E6-42C0-BDB6-5FFE13827A23}.Debug|Any CPU.Build.0 = Debug|Any CPU
		{D242A127-10E6-42C0-BDB6-5FFE13827A23}.Release|Any CPU.ActiveCfg = Release|Any CPU
		{D242A127-10E6-42C0-BDB6-5FFE13827A23}.Release|Any CPU.Build.0 = Release|Any CPU
		{AB04633A-E0AA-4191-AFE4-B872504A1907}.Debug|Any CPU.ActiveCfg = Debug|Any CPU
		{AB04633A-E0AA-4191-AFE4-B872504A1907}.Debug|Any CPU.Build.0 = Debug|Any CPU
		{AB04633A-E0AA-4191-AFE4-B872504A1907}.Release|Any CPU.ActiveCfg = Release|Any CPU
		{AB04633A-E0AA-4191-AFE4-B872504A1907}.Release|Any CPU.Build.0 = Release|Any CPU
	EndGlobalSection
	GlobalSection(SolutionProperties) = preSolution
		HideSolutionNode = FALSE
	EndGlobalSection
	GlobalSection(ExtensibilityGlobals) = postSolution
		SolutionGuid = {B2B51234-9309-49C1-A260-B350F2CFB293}
	EndGlobalSection
EndGlobal
